// !$*UTF8*$!
{
	archiveVersion = 1;
	classes = {
	};
	objectVersion = 71;
	objects = {

/* Begin PBXBuildFile section */
		04A7814E4EEC70DE7D6C41B1 /* Assets.xcassets in Resources */ = {isa = PBXBuildFile; fileRef = 8D562B3E40B6C9EC53F38F07 /* Assets.xcassets */; };
		0CF2C67472B804DF5008DB2F /* SelectionBoxView.swift in Sources */ = {isa = PBXBuildFile; fileRef = 2FD6D47592A9AE91CA926237 /* SelectionBoxView.swift */; };
		0FB87CC12168D0680464F92C /* CanvasViewModel.swift in Sources */ = {isa = PBXBuildFile; fileRef = 901BCB9DD08A870D544CFEDC /* CanvasViewModel.swift */; };
		1A69A89798C70E8F9E4819D8 /* EraserToolButton.swift in Sources */ = {isa = PBXBuildFile; fileRef = 25672DA13995822AF11E2931 /* EraserToolButton.swift */; };
		20EF0088BB9BC4E7892D751A /* SplineDocument.swift in Sources */ = {isa = PBXBuildFile; fileRef = DC8BDB58B80ED1C0D659D14A /* SplineDocument.swift */; };
		26969E584E12A83D962E0EA7 /* PenToolButton.swift in Sources */ = {isa = PBXBuildFile; fileRef = 1236415848388166682A19EC /* PenToolButton.swift */; };
		298D5E7CB161AD69DCC02F3F /* ColorSwatchButton.swift in Sources */ = {isa = PBXBuildFile; fileRef = 29756553E73C2803B716626C /* ColorSwatchButton.swift */; };
		338C43DAA1D93CDF2AB7C5E1 /* ColorPanelView.swift in Sources */ = {isa = PBXBuildFile; fileRef = B7AA4CAD829EC9452C6370AC /* ColorPanelView.swift */; };
		35439EDD7C43C47AA63987C0 /* ToolButton.swift in Sources */ = {isa = PBXBuildFile; fileRef = F4CB1BE455BA83BCF4ACE8E6 /* ToolButton.swift */; };
		38E69D32876B90833CF86610 /* CustomColorRow.swift in Sources */ = {isa = PBXBuildFile; fileRef = A72F57438E05E6773D8FF4D7 /* CustomColorRow.swift */; };
		3B1DD2404347F96425F26B79 /* StrokeStyle.swift in Sources */ = {isa = PBXBuildFile; fileRef = D0F621EA937F33C1DB077EA7 /* StrokeStyle.swift */; };
		3F7B82339F669ECD7F1FBC9F /* CanvasView.swift in Sources */ = {isa = PBXBuildFile; fileRef = 4E2FF64E02E048E052120795 /* CanvasView.swift */; };
		5C09169BC27C4BAD30A4CBF2 /* PaletteView.swift in Sources */ = {isa = PBXBuildFile; fileRef = 20F0BC6CE38D2E290881FCD0 /* PaletteView.swift */; };
		5F57F4B65122E2B13B397ABF /* PNGExporter.swift in Sources */ = {isa = PBXBuildFile; fileRef = F59BC80868133D7F49CBAE54 /* PNGExporter.swift */; };
		664762BD66B0FF98C34D14CC /* StrokeWeightFlyout.swift in Sources */ = {isa = PBXBuildFile; fileRef = 718B9436EE6AFC6B8A55D335 /* StrokeWeightFlyout.swift */; };
		6CB39242456E1CB487BC741B /* StrokeWeightButton.swift in Sources */ = {isa = PBXBuildFile; fileRef = 8DCFFBF30D45FF718D3328DC /* StrokeWeightButton.swift */; };
		71FA5E43163A28FC1398AA1B /* DocumentTitleView.swift in Sources */ = {isa = PBXBuildFile; fileRef = 6853EFEA9E68E2549DD411BA /* DocumentTitleView.swift */; };
		73EFC755407A4ECA6515AFD4 /* DocumentListRow.swift in Sources */ = {isa = PBXBuildFile; fileRef = 3A2B52C51E03E4C798AE8D05 /* DocumentListRow.swift */; };
		7E0F1E30F33B840327626A89 /* PDFExporter.swift in Sources */ = {isa = PBXBuildFile; fileRef = 069B6D5258E48E1A71299D69 /* PDFExporter.swift */; };
		824DB91BBF157125333FDB12 /* CanvasRenderer.swift in Sources */ = {isa = PBXBuildFile; fileRef = 5C610C123F649121048C3F01 /* CanvasRenderer.swift */; };
		93982B64C449CE8E71C6A9D4 /* OpacitySlider.swift in Sources */ = {isa = PBXBuildFile; fileRef = 5AE20CB9F778CBB745426B84 /* OpacitySlider.swift */; };
		AB096B75822EDC079DB885C0 /* DocumentStore.swift in Sources */ = {isa = PBXBuildFile; fileRef = 4810AADA49FB5E158D2E30FE /* DocumentStore.swift */; };
		AF20CF2DA9F75CB2D24ACCAB /* CanvasUIView.swift in Sources */ = {isa = PBXBuildFile; fileRef = 3672DB7EC8016C377D7D4C62 /* CanvasUIView.swift */; };
		B616A20DBC86147E7EB985CF /* CanvasTransform.swift in Sources */ = {isa = PBXBuildFile; fileRef = 533A4499893A65CD8A94A9F4 /* CanvasTransform.swift */; };
		BEC1C062C32A1B76F851171C /* CanvasContainerView.swift in Sources */ = {isa = PBXBuildFile; fileRef = 17D0A5FF68C989053D8944A1 /* CanvasContainerView.swift */; };
		BF7FCE345306801949295FD6 /* View+GlassCard.swift in Sources */ = {isa = PBXBuildFile; fileRef = 3F4A2F13A0D8B1143D0B7DC1 /* View+GlassCard.swift */; };
		C221C3C6E671EB2B7C44A4AF /* Persistence.xcdatamodeld in Sources */ = {isa = PBXBuildFile; fileRef = 3ADE580DA3211119DC2F0608 /* Persistence.xcdatamodeld */; };
		C37BDCCBE61032136D818FFC /* TopBarView.swift in Sources */ = {isa = PBXBuildFile; fileRef = 9D1A1C95FE94AA1A539A9A65 /* TopBarView.swift */; };
		C5A5BC2E15E4C745E09E66EA /* ColorPresetGrid.swift in Sources */ = {isa = PBXBuildFile; fileRef = B5BB3ECC5D1056CF6F20F179 /* ColorPresetGrid.swift */; };
		C825DC5E4A9554BBDD4542C3 /* SplineApp.swift in Sources */ = {isa = PBXBuildFile; fileRef = CD1311C928F3500DABB24E85 /* SplineApp.swift */; };
		CBB8141491B80A18C59DD930 /* CGPoint+Math.swift in Sources */ = {isa = PBXBuildFile; fileRef = 4108699535E8C548E61AAED7 /* CGPoint+Math.swift */; };
		D524D9D75F787268C76B4A6E /* ExportButton.swift in Sources */ = {isa = PBXBuildFile; fileRef = 4E5B72885221D0A84CA072D3 /* ExportButton.swift */; };
		D558C7B178C947DD4B9E9DF2 /* DocumentListView.swift in Sources */ = {isa = PBXBuildFile; fileRef = BE6663B8A68679A70B00B2C6 /* DocumentListView.swift */; };
		D80101D0BF64A379C3B635B7 /* UndoRedoView.swift in Sources */ = {isa = PBXBuildFile; fileRef = 999161B7186F4317131CFBD9 /* UndoRedoView.swift */; };
		D9DDFDF658EF8E03B4139C83 /* ExportSheetView.swift in Sources */ = {isa = PBXBuildFile; fileRef = A1E43924155B9220BF2D540E /* ExportSheetView.swift */; };
		DAD0C57A92E690C9A3AA7D85 /* StrokePoint.swift in Sources */ = {isa = PBXBuildFile; fileRef = 13D357CE4ED052F4867C0498 /* StrokePoint.swift */; };
		E2D017210D2571858EFD13D3 /* Color+Hex.swift in Sources */ = {isa = PBXBuildFile; fileRef = C9044EBDF45DC300D57D29D2 /* Color+Hex.swift */; };
		E66874B58BC16BD1E34EC59B /* PencilToolButton.swift in Sources */ = {isa = PBXBuildFile; fileRef = 3995DD5F83A007A39731BC42 /* PencilToolButton.swift */; };
		E906F88442203418833CEB7E /* SVGExporter.swift in Sources */ = {isa = PBXBuildFile; fileRef = 026C4C60B57B9DEFBD212DAA /* SVGExporter.swift */; };
		EC7DF6830709B8C34C191E6A /* ExportAdapter.swift in Sources */ = {isa = PBXBuildFile; fileRef = D6F24A3E7AF99DC578DBF303 /* ExportAdapter.swift */; };
		F4E660B5ADDEA06C5E6D5E46 /* SelectToolButton.swift in Sources */ = {isa = PBXBuildFile; fileRef = B8F7BD7ECC26E7545320C323 /* SelectToolButton.swift */; };
		F563CBC066F8512830132DEE /* Stroke.swift in Sources */ = {isa = PBXBuildFile; fileRef = 75CA2E3D83B3FF2D6ABE11F5 /* Stroke.swift */; };
		F7025A825B18D55B5C5472EE /* MarkerToolButton.swift in Sources */ = {isa = PBXBuildFile; fileRef = 22A08CF4C8E75CAD238A679F /* MarkerToolButton.swift */; };
		F8B468FB907CE3E006183D07 /* LassoToolButton.swift in Sources */ = {isa = PBXBuildFile; fileRef = 9F841D7B3400A18DD3E7A296 /* LassoToolButton.swift */; };
		F9B6DFF97574B3D4FC80877A /* ZoomIndicatorView.swift in Sources */ = {isa = PBXBuildFile; fileRef = B415C0F585E15314F22830FD /* ZoomIndicatorView.swift */; };
/* End PBXBuildFile section */

/* Begin PBXFileReference section */
		026C4C60B57B9DEFBD212DAA /* SVGExporter.swift */ = {isa = PBXFileReference; lastKnownFileType = sourcecode.swift; path = SVGExporter.swift; sourceTree = "<group>"; };
		069B6D5258E48E1A71299D69 /* PDFExporter.swift */ = {isa = PBXFileReference; lastKnownFileType = sourcecode.swift; path = PDFExporter.swift; sourceTree = "<group>"; };
		1236415848388166682A19EC /* PenToolButton.swift */ = {isa = PBXFileReference; lastKnownFileType = sourcecode.swift; path = PenToolButton.swift; sourceTree = "<group>"; };
		13D357CE4ED052F4867C0498 /* StrokePoint.swift */ = {isa = PBXFileReference; lastKnownFileType = sourcecode.swift; path = StrokePoint.swift; sourceTree = "<group>"; };
		17D0A5FF68C989053D8944A1 /* CanvasContainerView.swift */ = {isa = PBXFileReference; lastKnownFileType = sourcecode.swift; path = CanvasContainerView.swift; sourceTree = "<group>"; };
		20F0BC6CE38D2E290881FCD0 /* PaletteView.swift */ = {isa = PBXFileReference; lastKnownFileType = sourcecode.swift; path = PaletteView.swift; sourceTree = "<group>"; };
		22A08CF4C8E75CAD238A679F /* MarkerToolButton.swift */ = {isa = PBXFileReference; lastKnownFileType = sourcecode.swift; path = MarkerToolButton.swift; sourceTree = "<group>"; };
		25672DA13995822AF11E2931 /* EraserToolButton.swift */ = {isa = PBXFileReference; lastKnownFileType = sourcecode.swift; path = EraserToolButton.swift; sourceTree = "<group>"; };
		29756553E73C2803B716626C /* ColorSwatchButton.swift */ = {isa = PBXFileReference; lastKnownFileType = sourcecode.swift; path = ColorSwatchButton.swift; sourceTree = "<group>"; };
		2FD6D47592A9AE91CA926237 /* SelectionBoxView.swift */ = {isa = PBXFileReference; lastKnownFileType = sourcecode.swift; path = SelectionBoxView.swift; sourceTree = "<group>"; };
		3672DB7EC8016C377D7D4C62 /* CanvasUIView.swift */ = {isa = PBXFileReference; lastKnownFileType = sourcecode.swift; path = CanvasUIView.swift; sourceTree = "<group>"; };
		3995DD5F83A007A39731BC42 /* PencilToolButton.swift */ = {isa = PBXFileReference; lastKnownFileType = sourcecode.swift; path = PencilToolButton.swift; sourceTree = "<group>"; };
		3A2B52C51E03E4C798AE8D05 /* DocumentListRow.swift */ = {isa = PBXFileReference; lastKnownFileType = sourcecode.swift; path = DocumentListRow.swift; sourceTree = "<group>"; };
		3F4A2F13A0D8B1143D0B7DC1 /* View+GlassCard.swift */ = {isa = PBXFileReference; lastKnownFileType = sourcecode.swift; path = "View+GlassCard.swift"; sourceTree = "<group>"; };
		4108699535E8C548E61AAED7 /* CGPoint+Math.swift */ = {isa = PBXFileReference; lastKnownFileType = sourcecode.swift; path = "CGPoint+Math.swift"; sourceTree = "<group>"; };
		4810AADA49FB5E158D2E30FE /* DocumentStore.swift */ = {isa = PBXFileReference; lastKnownFileType = sourcecode.swift; path = DocumentStore.swift; sourceTree = "<group>"; };
		4E2FF64E02E048E052120795 /* CanvasView.swift */ = {isa = PBXFileReference; lastKnownFileType = sourcecode.swift; path = CanvasView.swift; sourceTree = "<group>"; };
		4E5B72885221D0A84CA072D3 /* ExportButton.swift */ = {isa = PBXFileReference; lastKnownFileType = sourcecode.swift; path = ExportButton.swift; sourceTree = "<group>"; };
		533A4499893A65CD8A94A9F4 /* CanvasTransform.swift */ = {isa = PBXFileReference; lastKnownFileType = sourcecode.swift; path = CanvasTransform.swift; sourceTree = "<group>"; };
		5AE20CB9F778CBB745426B84 /* OpacitySlider.swift */ = {isa = PBXFileReference; lastKnownFileType = sourcecode.swift; path = OpacitySlider.swift; sourceTree = "<group>"; };
		5C610C123F649121048C3F01 /* CanvasRenderer.swift */ = {isa = PBXFileReference; lastKnownFileType = sourcecode.swift; path = CanvasRenderer.swift; sourceTree = "<group>"; };
		6853EFEA9E68E2549DD411BA /* DocumentTitleView.swift */ = {isa = PBXFileReference; lastKnownFileType = sourcecode.swift; path = DocumentTitleView.swift; sourceTree = "<group>"; };
		718B9436EE6AFC6B8A55D335 /* StrokeWeightFlyout.swift */ = {isa = PBXFileReference; lastKnownFileType = sourcecode.swift; path = StrokeWeightFlyout.swift; sourceTree = "<group>"; };
		75CA2E3D83B3FF2D6ABE11F5 /* Stroke.swift */ = {isa = PBXFileReference; lastKnownFileType = sourcecode.swift; path = Stroke.swift; sourceTree = "<group>"; };
		8D562B3E40B6C9EC53F38F07 /* Assets.xcassets */ = {isa = PBXFileReference; lastKnownFileType = folder.assetcatalog; path = Assets.xcassets; sourceTree = "<group>"; };
		8DCFFBF30D45FF718D3328DC /* StrokeWeightButton.swift */ = {isa = PBXFileReference; lastKnownFileType = sourcecode.swift; path = StrokeWeightButton.swift; sourceTree = "<group>"; };
		901BCB9DD08A870D544CFEDC /* CanvasViewModel.swift */ = {isa = PBXFileReference; lastKnownFileType = sourcecode.swift; path = CanvasViewModel.swift; sourceTree = "<group>"; };
		999161B7186F4317131CFBD9 /* UndoRedoView.swift */ = {isa = PBXFileReference; lastKnownFileType = sourcecode.swift; path = UndoRedoView.swift; sourceTree = "<group>"; };
		9D1A1C95FE94AA1A539A9A65 /* TopBarView.swift */ = {isa = PBXFileReference; lastKnownFileType = sourcecode.swift; path = TopBarView.swift; sourceTree = "<group>"; };
		9F841D7B3400A18DD3E7A296 /* LassoToolButton.swift */ = {isa = PBXFileReference; lastKnownFileType = sourcecode.swift; path = LassoToolButton.swift; sourceTree = "<group>"; };
		A1E43924155B9220BF2D540E /* ExportSheetView.swift */ = {isa = PBXFileReference; lastKnownFileType = sourcecode.swift; path = ExportSheetView.swift; sourceTree = "<group>"; };
		A72F57438E05E6773D8FF4D7 /* CustomColorRow.swift */ = {isa = PBXFileReference; lastKnownFileType = sourcecode.swift; path = CustomColorRow.swift; sourceTree = "<group>"; };
		A97C29AD63741CF438998CE6 /* Tract.app */ = {isa = PBXFileReference; explicitFileType = wrapper.application; includeInIndex = 0; path = Tract.app; sourceTree = BUILT_PRODUCTS_DIR; };
		B415C0F585E15314F22830FD /* ZoomIndicatorView.swift */ = {isa = PBXFileReference; lastKnownFileType = sourcecode.swift; path = ZoomIndicatorView.swift; sourceTree = "<group>"; };
		B5BB3ECC5D1056CF6F20F179 /* ColorPresetGrid.swift */ = {isa = PBXFileReference; lastKnownFileType = sourcecode.swift; path = ColorPresetGrid.swift; sourceTree = "<group>"; };
		B7AA4CAD829EC9452C6370AC /* ColorPanelView.swift */ = {isa = PBXFileReference; lastKnownFileType = sourcecode.swift; path = ColorPanelView.swift; sourceTree = "<group>"; };
		B8F7BD7ECC26E7545320C323 /* SelectToolButton.swift */ = {isa = PBXFileReference; lastKnownFileType = sourcecode.swift; path = SelectToolButton.swift; sourceTree = "<group>"; };
		BE6663B8A68679A70B00B2C6 /* DocumentListView.swift */ = {isa = PBXFileReference; lastKnownFileType = sourcecode.swift; path = DocumentListView.swift; sourceTree = "<group>"; };
		C9044EBDF45DC300D57D29D2 /* Color+Hex.swift */ = {isa = PBXFileReference; lastKnownFileType = sourcecode.swift; path = "Color+Hex.swift"; sourceTree = "<group>"; };
		CD1311C928F3500DABB24E85 /* SplineApp.swift */ = {isa = PBXFileReference; lastKnownFileType = sourcecode.swift; path = SplineApp.swift; sourceTree = "<group>"; };
		D0F621EA937F33C1DB077EA7 /* StrokeStyle.swift */ = {isa = PBXFileReference; lastKnownFileType = sourcecode.swift; path = StrokeStyle.swift; sourceTree = "<group>"; };
		D6F24A3E7AF99DC578DBF303 /* ExportAdapter.swift */ = {isa = PBXFileReference; lastKnownFileType = sourcecode.swift; path = ExportAdapter.swift; sourceTree = "<group>"; };
		DC8BDB58B80ED1C0D659D14A /* SplineDocument.swift */ = {isa = PBXFileReference; lastKnownFileType = sourcecode.swift; path = SplineDocument.swift; sourceTree = "<group>"; };
		F4CB1BE455BA83BCF4ACE8E6 /* ToolButton.swift */ = {isa = PBXFileReference; lastKnownFileType = sourcecode.swift; path = ToolButton.swift; sourceTree = "<group>"; };
		F59BC80868133D7F49CBAE54 /* PNGExporter.swift */ = {isa = PBXFileReference; lastKnownFileType = sourcecode.swift; path = PNGExporter.swift; sourceTree = "<group>"; };
		F6749D5B3538A0DB2453405B /* Persistence.xcdatamodel */ = {isa = PBXFileReference; lastKnownFileType = wrapper.xcdatamodel; path = Persistence.xcdatamodel; sourceTree = "<group>"; };
/* End PBXFileReference section */

/* Begin PBXFrameworksBuildPhase section */
		29B2D46AA747A59804D46E1F /* Frameworks */ = {
			isa = PBXFrameworksBuildPhase;
			buildActionMask = 2147483647;
			files = (
			);
			runOnlyForDeploymentPostprocessing = 0;
		};
/* End PBXFrameworksBuildPhase section */

/* Begin PBXGroup section */
		32120412CDF92CE44C01AF8D /* Utilities */ = {
			isa = PBXGroup;
			children = (
				4108699535E8C548E61AAED7 /* CGPoint+Math.swift */,
				C9044EBDF45DC300D57D29D2 /* Color+Hex.swift */,
				3F4A2F13A0D8B1143D0B7DC1 /* View+GlassCard.swift */,
			);
			path = Utilities;
			sourceTree = "<group>";
		};
		33497A67007775A471CABD6D /* Overlay */ = {
			isa = PBXGroup;
			children = (
				B415C0F585E15314F22830FD /* ZoomIndicatorView.swift */,
				2FD6D47592A9AE91CA926237 /* SelectionBoxView.swift */,
			);
			path = Overlay;
			sourceTree = "<group>";
		};
		5928955287B8089ED2177128 = {
			isa = PBXGroup;
			children = (
				AB8D408CB1881C666AAC0831 /* App */,
				714E2ED2D4CB22FB2318EA67 /* Canvas */,
				C3EF086C856EDA64277A9235 /* Toolbar */,
				BDE3DF135594517FEA0B4757 /* Palette */,
				EF070BEA6E8E5DDA54148796 /* ColorPanel */,
				33497A67007775A471CABD6D /* Overlay */,
				82BEE3ED6DA2BA642FDFF993 /* Stroke */,
				D4874477634E8BA59FB08E9B /* Document */,
				AFDA21E65B7E2FC3AFB8DEFA /* Export */,
				32120412CDF92CE44C01AF8D /* Utilities */,
				8D562B3E40B6C9EC53F38F07 /* Assets.xcassets */,
				3ADE580DA3211119DC2F0608 /* Persistence.xcdatamodeld */,
				BF7A2D27A78D590BDEF15AF2 /* Products */,
			);
			sourceTree = "<group>";
		};
		714E2ED2D4CB22FB2318EA67 /* Canvas */ = {
			isa = PBXGroup;
			children = (
				17D0A5FF68C989053D8944A1 /* CanvasContainerView.swift */,
				4E2FF64E02E048E052120795 /* CanvasView.swift */,
				3672DB7EC8016C377D7D4C62 /* CanvasUIView.swift */,
				5C610C123F649121048C3F01 /* CanvasRenderer.swift */,
				901BCB9DD08A870D544CFEDC /* CanvasViewModel.swift */,
				533A4499893A65CD8A94A9F4 /* CanvasTransform.swift */,
			);
			path = Canvas;
			sourceTree = "<group>";
		};
		82BEE3ED6DA2BA642FDFF993 /* Stroke */ = {
			isa = PBXGroup;
			children = (
				13D357CE4ED052F4867C0498 /* StrokePoint.swift */,
				75CA2E3D83B3FF2D6ABE11F5 /* Stroke.swift */,
				D0F621EA937F33C1DB077EA7 /* StrokeStyle.swift */,
			);
			path = Stroke;
			sourceTree = "<group>";
		};
		AB8D408CB1881C666AAC0831 /* App */ = {
			isa = PBXGroup;
			children = (
				CD1311C928F3500DABB24E85 /* SplineApp.swift */,
			);
			path = App;
			sourceTree = "<group>";
		};
		AFDA21E65B7E2FC3AFB8DEFA /* Export */ = {
			isa = PBXGroup;
			children = (
				D6F24A3E7AF99DC578DBF303 /* ExportAdapter.swift */,
				A1E43924155B9220BF2D540E /* ExportSheetView.swift */,
				026C4C60B57B9DEFBD212DAA /* SVGExporter.swift */,
				069B6D5258E48E1A71299D69 /* PDFExporter.swift */,
				F59BC80868133D7F49CBAE54 /* PNGExporter.swift */,
			);
			path = Export;
			sourceTree = "<group>";
		};
		BDE3DF135594517FEA0B4757 /* Palette */ = {
			isa = PBXGroup;
			children = (
				20F0BC6CE38D2E290881FCD0 /* PaletteView.swift */,
				F4CB1BE455BA83BCF4ACE8E6 /* ToolButton.swift */,
				1236415848388166682A19EC /* PenToolButton.swift */,
				3995DD5F83A007A39731BC42 /* PencilToolButton.swift */,
				22A08CF4C8E75CAD238A679F /* MarkerToolButton.swift */,
				25672DA13995822AF11E2931 /* EraserToolButton.swift */,
				9F841D7B3400A18DD3E7A296 /* LassoToolButton.swift */,
				8DCFFBF30D45FF718D3328DC /* StrokeWeightButton.swift */,
				718B9436EE6AFC6B8A55D335 /* StrokeWeightFlyout.swift */,
				29756553E73C2803B716626C /* ColorSwatchButton.swift */,
			);
			path = Palette;
			sourceTree = "<group>";
		};
		BF7A2D27A78D590BDEF15AF2 /* Products */ = {
			isa = PBXGroup;
			children = (
				A97C29AD63741CF438998CE6 /* Tract.app */,
			);
			name = Products;
			sourceTree = "<group>";
		};
		C3EF086C856EDA64277A9235 /* Toolbar */ = {
			isa = PBXGroup;
			children = (
				9D1A1C95FE94AA1A539A9A65 /* TopBarView.swift */,
				6853EFEA9E68E2549DD411BA /* DocumentTitleView.swift */,
				999161B7186F4317131CFBD9 /* UndoRedoView.swift */,
				B8F7BD7ECC26E7545320C323 /* SelectToolButton.swift */,
				4E5B72885221D0A84CA072D3 /* ExportButton.swift */,
			);
			path = Toolbar;
			sourceTree = "<group>";
		};
		D4874477634E8BA59FB08E9B /* Document */ = {
			isa = PBXGroup;
			children = (
				DC8BDB58B80ED1C0D659D14A /* SplineDocument.swift */,
				4810AADA49FB5E158D2E30FE /* DocumentStore.swift */,
				BE6663B8A68679A70B00B2C6 /* DocumentListView.swift */,
				3A2B52C51E03E4C798AE8D05 /* DocumentListRow.swift */,
			);
			path = Document;
			sourceTree = "<group>";
		};
		EF070BEA6E8E5DDA54148796 /* ColorPanel */ = {
			isa = PBXGroup;
			children = (
				B7AA4CAD829EC9452C6370AC /* ColorPanelView.swift */,
				B5BB3ECC5D1056CF6F20F179 /* ColorPresetGrid.swift */,
				A72F57438E05E6773D8FF4D7 /* CustomColorRow.swift */,
				5AE20CB9F778CBB745426B84 /* OpacitySlider.swift */,
			);
			path = ColorPanel;
			sourceTree = "<group>";
		};
/* End PBXGroup section */

/* Begin PBXNativeTarget section */
		42AEFBAE01D2DFD981F7DA7D /* Tract */ = {
			isa = PBXNativeTarget;
			buildConfigurationList = AFD04581184175117C78D9AC /* Build configuration list for PBXNativeTarget "Tract" */;
			buildPhases = (
				E7209FB05162B7572F88D05E /* Sources */,
				29B2D46AA747A59804D46E1F /* Frameworks */,
				66F8606E9F0A136E2228EBCB /* Resources */,
			);
			buildRules = (
			);
			dependencies = (
			);
			name = Tract;
			productName = Tract;
			productReference = A97C29AD63741CF438998CE6 /* Tract.app */;
			productType = "com.apple.product-type.application";
		};
/* End PBXNativeTarget section */

/* Begin PBXProject section */
		46F86FAA6BBF9AC94A7E4595 /* Project object */ = {
			isa = PBXProject;
			attributes = {
			};
			buildConfigurationList = 022E0F2E8ECAC35F5510DD6F /* Build configuration list for PBXProject "Tract" */;
			compatibilityVersion = "Xcode 16.0";
			developmentRegion = en;
			hasScannedForEncodings = 0;
			knownRegions = (
				en,
				Base,
			);
			mainGroup = 5928955287B8089ED2177128;
			productRefGroup = BF7A2D27A78D590BDEF15AF2 /* Products */;
			projectDirPath = "";
			projectRoot = "";
			targets = (
				42AEFBAE01D2DFD981F7DA7D /* Tract */,
			);
		};
/* End PBXProject section */

/* Begin PBXResourcesBuildPhase section */
		66F8606E9F0A136E2228EBCB /* Resources */ = {
			isa = PBXResourcesBuildPhase;
			buildActionMask = 2147483647;
			files = (
				04A7814E4EEC70DE7D6C41B1 /* Assets.xcassets in Resources */,
			);
			runOnlyForDeploymentPostprocessing = 0;
		};
/* End PBXResourcesBuildPhase section */

/* Begin PBXSourcesBuildPhase section */
		E7209FB05162B7572F88D05E /* Sources */ = {
			isa = PBXSourcesBuildPhase;
			buildActionMask = 2147483647;
			files = (
				C825DC5E4A9554BBDD4542C3 /* SplineApp.swift in Sources */,
				BEC1C062C32A1B76F851171C /* CanvasContainerView.swift in Sources */,
				3F7B82339F669ECD7F1FBC9F /* CanvasView.swift in Sources */,
				AF20CF2DA9F75CB2D24ACCAB /* CanvasUIView.swift in Sources */,
				824DB91BBF157125333FDB12 /* CanvasRenderer.swift in Sources */,
				0FB87CC12168D0680464F92C /* CanvasViewModel.swift in Sources */,
				B616A20DBC86147E7EB985CF /* CanvasTransform.swift in Sources */,
				C37BDCCBE61032136D818FFC /* TopBarView.swift in Sources */,
				71FA5E43163A28FC1398AA1B /* DocumentTitleView.swift in Sources */,
				D80101D0BF64A379C3B635B7 /* UndoRedoView.swift in Sources */,
				F4E660B5ADDEA06C5E6D5E46 /* SelectToolButton.swift in Sources */,
				D524D9D75F787268C76B4A6E /* ExportButton.swift in Sources */,
				5C09169BC27C4BAD30A4CBF2 /* PaletteView.swift in Sources */,
				35439EDD7C43C47AA63987C0 /* ToolButton.swift in Sources */,
				26969E584E12A83D962E0EA7 /* PenToolButton.swift in Sources */,
				E66874B58BC16BD1E34EC59B /* PencilToolButton.swift in Sources */,
				F7025A825B18D55B5C5472EE /* MarkerToolButton.swift in Sources */,
				1A69A89798C70E8F9E4819D8 /* EraserToolButton.swift in Sources */,
				F8B468FB907CE3E006183D07 /* LassoToolButton.swift in Sources */,
				6CB39242456E1CB487BC741B /* StrokeWeightButton.swift in Sources */,
				664762BD66B0FF98C34D14CC /* StrokeWeightFlyout.swift in Sources */,
				298D5E7CB161AD69DCC02F3F /* ColorSwatchButton.swift in Sources */,
				338C43DAA1D93CDF2AB7C5E1 /* ColorPanelView.swift in Sources */,
				C5A5BC2E15E4C745E09E66EA /* ColorPresetGrid.swift in Sources */,
				38E69D32876B90833CF86610 /* CustomColorRow.swift in Sources */,
				93982B64C449CE8E71C6A9D4 /* OpacitySlider.swift in Sources */,
				F9B6DFF97574B3D4FC80877A /* ZoomIndicatorView.swift in Sources */,
				0CF2C67472B804DF5008DB2F /* SelectionBoxView.swift in Sources */,
				DAD0C57A92E690C9A3AA7D85 /* StrokePoint.swift in Sources */,
				F563CBC066F8512830132DEE /* Stroke.swift in Sources */,
				3B1DD2404347F96425F26B79 /* StrokeStyle.swift in Sources */,
				20EF0088BB9BC4E7892D751A /* SplineDocument.swift in Sources */,
				AB096B75822EDC079DB885C0 /* DocumentStore.swift in Sources */,
				D558C7B178C947DD4B9E9DF2 /* DocumentListView.swift in Sources */,
				73EFC755407A4ECA6515AFD4 /* DocumentListRow.swift in Sources */,
				EC7DF6830709B8C34C191E6A /* ExportAdapter.swift in Sources */,
				D9DDFDF658EF8E03B4139C83 /* ExportSheetView.swift in Sources */,
				E906F88442203418833CEB7E /* SVGExporter.swift in Sources */,
				7E0F1E30F33B840327626A89 /* PDFExporter.swift in Sources */,
				5F57F4B65122E2B13B397ABF /* PNGExporter.swift in Sources */,
				CBB8141491B80A18C59DD930 /* CGPoint+Math.swift in Sources */,
				E2D017210D2571858EFD13D3 /* Color+Hex.swift in Sources */,
				BF7FCE345306801949295FD6 /* View+GlassCard.swift in Sources */,
				C221C3C6E671EB2B7C44A4AF /* Persistence.xcdatamodeld in Sources */,
			);
			runOnlyForDeploymentPostprocessing = 0;
		};
/* End PBXSourcesBuildPhase section */

/* Begin XCBuildConfiguration section */
		4DC7B479A29173674AFD7BAC /* Release */ = {
			isa = XCBuildConfiguration;
			buildSettings = {
				ASETCATALOG_COMPILER_APPICON_NAME = AppIcon;
				ASETCATALOG_COMPILER_GLOBAL_ACCENT_COLOR_NAME = AccentColor;
				"CODE_SIGN_IDENTITY[sdk=iphonesimulator*]" = "-";
				CODE_SIGN_STYLE = Automatic;
				CURRENT_PROJECT_VERSION = 1;
				DEVELOPMENT_TEAM = QDH8C8M4BW;
				GENERATE_INFOPLIST_FILE = YES;
				INFOPLIST_KEY_UIApplicationSupportsIndirectInputEvents = YES;
				INFOPLIST_KEY_UILaunchScreen_Generation = YES;
				INFOPLIST_KEY_UIRequiresFullScreen = YES;
				INFOPLIST_KEY_UISupportedInterfaceOrientations_iPad = "UIInterfaceOrientationLandscapeLeft UIInterfaceOrientationLandscapeRight UIInterfaceOrientationPortrait UIInterfaceOrientationPortraitUpsideDown";
				IPHONEOS_DEPLOYMENT_TARGET = 26.0;
				MARKETING_VERSION = 1.0;
				PRODUCT_BUNDLE_IDENTIFIER = com.spline.app;
				PRODUCT_NAME = "$(TARGET_NAME)";
				SDKROOT = iphoneos;
				SUPPORTS_MACCATALYST = NO;
				SWIFT_EMIT_LOC_STRINGS = YES;
				SWIFT_VERSION = 6.2;
				TARGETED_DEVICE_FAMILY = 2;
			};
			name = Release;
		};
		683105B965893FCC643C4ECF /* Debug */ = {
			isa = XCBuildConfiguration;
			buildSettings = {
				ASETCATALOG_COMPILER_APPICON_NAME = AppIcon;
				ASETCATALOG_COMPILER_GLOBAL_ACCENT_COLOR_NAME = AccentColor;
				"CODE_SIGN_IDENTITY[sdk=iphonesimulator*]" = "-";
				CODE_SIGN_STYLE = Automatic;
				CURRENT_PROJECT_VERSION = 1;
				DEVELOPMENT_TEAM = QDH8C8M4BW;
				GENERATE_INFOPLIST_FILE = YES;
				INFOPLIST_KEY_UIApplicationSupportsIndirectInputEvents = YES;
				INFOPLIST_KEY_UILaunchScreen_Generation = YES;
				INFOPLIST_KEY_UIRequiresFullScreen = YES;
				INFOPLIST_KEY_UISupportedInterfaceOrientations_iPad = "UIInterfaceOrientationLandscapeLeft UIInterfaceOrientationLandscapeRight UIInterfaceOrientationPortrait UIInterfaceOrientationPortraitUpsideDown";
				IPHONEOS_DEPLOYMENT_TARGET = 26.0;
				MARKETING_VERSION = 1.0;
				PRODUCT_BUNDLE_IDENTIFIER = com.spline.app;
				PRODUCT_NAME = "$(TARGET_NAME)";
				SDKROOT = iphoneos;
				SUPPORTS_MACCATALYST = NO;
				SWIFT_EMIT_LOC_STRINGS = YES;
				SWIFT_VERSION = 6.2;
				TARGETED_DEVICE_FAMILY = 2;
			};
			name = Debug;
		};
		B74382A4D110BEFC1DEB55E4 /* Debug */ = {
			isa = XCBuildConfiguration;
			buildSettings = {
				ALWAYS_SEARCH_USER_PATHS = NO;
				CLANG_CXX_LANGUAGE_STANDARD = "gnu++20";
				CLANG_ENABLE_MODULES = YES;
				CLANG_ENABLE_OBJC_ARC = YES;
				CLANG_WARN_BOOL_CONVERSION = YES;
				CLANG_WARN_COMMA = YES;
				CLANG_WARN_DIRECT_OBJC_ISA_USAGE = YES_ERROR;
				CLANG_WARN_EMPTY_BODY = YES;
				CLANG_WARN_ENUM_CONVERSION = YES;
				CLANG_WARN_INFINITE_RECURSION = YES;
				CLANG_WARN_INT_CONVERSION = YES;
				CLANG_WARN_NON_LITERAL_NULL_CONVERSION = YES;
				CLANG_WARN_OBJC_IMPLICIT_RETAIN_SELF = YES;
				CLANG_WARN_OBJC_LITERAL_CONVERSION = YES;
				CLANG_WARN_OBJC_ROOT_CLASS = YES_ERROR;
				CLANG_WARN_RANGE_LOOP_ANALYSIS = YES;
				CLANG_WARN_SUSPICIOUS_MOVE = YES;
				CLANG_WARN_UNREACHABLE_CODE = YES;
				CLANG_WARN__DUPLICATE_METHOD_DECL = YES;
				COPY_PHASE_STRIP = NO;
				GCC_C_LANGUAGE_STANDARD = gnu11;
				GCC_WARN_64_TO_32_BIT_CONVERSION = YES;
				GCC_WARN_ABOUT_RETURN_TYPE = YES_ERROR;
				GCC_WARN_UNDECLARED_SELECTOR = YES;
				GCC_WARN_UNINITIALIZED_AUTOS = YES_AGGRESSIVE;
				GCC_WARN_UNUSED_FUNCTION = YES;
				GCC_WARN_UNUSED_VARIABLE = YES;
				IPHONEOS_DEPLOYMENT_TARGET = 26.0;
				MTL_ENABLE_DEBUG_INFO = INCLUDE_SOURCE;
				SDKROOT = iphoneos;
				SUPPORTED_PLATFORMS = "iphoneos iphonesimulator";
				SWIFT_ACTIVE_COMPILATION_CONDITIONS = DEBUG;
				SWIFT_OPTIMIZATION_LEVEL = "-Onone";
				SWIFT_VERSION = 6.2;
				TARGETED_DEVICE_FAMILY = 2;
			};
			name = Debug;
		};
		F901A40D62D95EAB754CE15B /* Release */ = {
			isa = XCBuildConfiguration;
			buildSettings = {
				ALWAYS_SEARCH_USER_PATHS = NO;
				CLANG_CXX_LANGUAGE_STANDARD = "gnu++20";
				CLANG_ENABLE_MODULES = YES;
				CLANG_ENABLE_OBJC_ARC = YES;
				CLANG_WARN_BOOL_CONVERSION = YES;
				CLANG_WARN_COMMA = YES;
				CLANG_WARN_DIRECT_OBJC_ISA_USAGE = YES_ERROR;
				CLANG_WARN_EMPTY_BODY = YES;
				CLANG_WARN_ENUM_CONVERSION = YES;
				CLANG_WARN_INFINITE_RECURSION = YES;
				CLANG_WARN_INT_CONVERSION = YES;
				CLANG_WARN_NON_LITERAL_NULL_CONVERSION = YES;
				CLANG_WARN_OBJC_IMPLICIT_RETAIN_SELF = YES;
				CLANG_WARN_OBJC_LITERAL_CONVERSION = YES;
				CLANG_WARN_OBJC_ROOT_CLASS = YES_ERROR;
				CLANG_WARN_RANGE_LOOP_ANALYSIS = YES;
				CLANG_WARN_SUSPICIOUS_MOVE = YES;
				CLANG_WARN_UNREACHABLE_CODE = YES;
				CLANG_WARN__DUPLICATE_METHOD_DECL = YES;
				COPY_PHASE_STRIP = NO;
				GCC_C_LANGUAGE_STANDARD = gnu11;
				GCC_WARN_64_TO_32_BIT_CONVERSION = YES;
				GCC_WARN_ABOUT_RETURN_TYPE = YES_ERROR;
				GCC_WARN_UNDECLARED_SELECTOR = YES;
				GCC_WARN_UNINITIALIZED_AUTOS = YES_AGGRESSIVE;
				GCC_WARN_UNUSED_FUNCTION = YES;
				GCC_WARN_UNUSED_VARIABLE = YES;
				IPHONEOS_DEPLOYMENT_TARGET = 26.0;
				MTL_ENABLE_DEBUG_INFO = NO;
				SDKROOT = iphoneos;
				SUPPORTED_PLATFORMS = "iphoneos iphonesimulator";
				SWIFT_ACTIVE_COMPILATION_CONDITIONS = "";
				SWIFT_OPTIMIZATION_LEVEL = "-O";
				SWIFT_VERSION = 6.2;
				TARGETED_DEVICE_FAMILY = 2;
			};
			name = Release;
		};
/* End XCBuildConfiguration section */

/* Begin XCConfigurationList section */
		022E0F2E8ECAC35F5510DD6F /* Build configuration list for PBXProject "Tract" */ = {
			isa = XCConfigurationList;
			buildConfigurations = (
				B74382A4D110BEFC1DEB55E4 /* Debug */,
				F901A40D62D95EAB754CE15B /* Release */,
			);
			defaultConfigurationIsVisible = 0;
			defaultConfigurationName = Release;
		};
		AFD04581184175117C78D9AC /* Build configuration list for PBXNativeTarget "Tract" */ = {
			isa = XCConfigurationList;
			buildConfigurations = (
				683105B965893FCC643C4ECF /* Debug */,
				4DC7B479A29173674AFD7BAC /* Release */,
			);
			defaultConfigurationIsVisible = 0;
			defaultConfigurationName = Release;
		};
/* End XCConfigurationList section */

/* Begin XCVersionGroup section */
		3ADE580DA3211119DC2F0608 /* Persistence.xcdatamodeld */ = {
			isa = XCVersionGroup;
			children = (
				F6749D5B3538A0DB2453405B /* Persistence.xcdatamodel */,
			);
			currentVersion = F6749D5B3538A0DB2453405B /* Persistence.xcdatamodel */;
			path = Persistence.xcdatamodeld;
			sourceTree = "<group>";
			versionGroupType = wrapper.xcdatamodel;
		};
/* End XCVersionGroup section */
	};
	rootObject = 46F86FAA6BBF9AC94A7E4595 /* Project object */;
}
